
Microsoft Visual Studio Solution File, Format Version 12.00
# Visual Studio Version 17
VisualStudioVersion = 17.7.34009.444
MinimumVisualStudioVersion = 10.0.40219.1
Project("{9A19103F-16F7-4668-BE54-9A1E7A4F7556}") = "GrblSpeaker", "GrblSpeaker.csproj", "{33F20268-F18B-4BED-9106-0C2C3E5B46E4}"
EndProject
Global
	GlobalSection(SolutionConfigurationPlatforms) = preSolution
		Debug|Any CPU = Debug|Any CPU
		Release|Any CPU = Release|Any CPU
	EndGlobalSection
	GlobalSection(ProjectConfigurationPlatforms) = postSolution
		{33F20268-F18B-4BED-9106-0C2C3E5B46E4}.Debug|Any CPU.ActiveCfg = Debug|Any CPU
		{33F20268-F18B-4BED-9106-0C2C3E5B46E4}.Debug|Any CPU.Build.0 = Debug|Any CPU
		{33F20268-F18B-4BED-9106-0C2C3E5B46E4}.Release|Any CPU.ActiveCfg = Release|Any CPU
		{33F20268-F18B-4BED-9106-0C2C3E5B46E4}.Release|Any CPU.Build.0 = Release|Any CPU
	EndGlobalSection
	GlobalSection(SolutionProperties) = preSolution
		HideSolutionNode = FALSE
	EndGlobalSection
	GlobalSection(ExtensibilityGlobals) = postSolution
		SolutionGuid = {FB3A6AD1-B7F6-407B-847D-4066C14B444D}
	EndGlobalSection
EndGlobal
